
Microsoft Visual Studio Solution File, Format Version 12.00
# Visual Studio Version 17
VisualStudioVersion = 17.2.32505.173
MinimumVisualStudioVersion = 10.0.40219.1
Project("{FAE04EC0-301F-11D3-BF4B-00C04F79EFBC}") = "9lub", "9lub\9lub.csproj", "{D609DA29-ADFD-4AF9-82E1-A1577D4BEC53}"
EndProject
Global
	GlobalSection(SolutionConfigurationPlatforms) = preSolution
		Debug|Any CPU = Debug|Any CPU
		Release|Any CPU = Release|Any CPU
	EndGlobalSection
	GlobalSection(ProjectConfigurationPlatforms) = postSolution
		{D609DA29-ADFD-4AF9-82E1-A1577D4BEC53}.Debug|Any CPU.ActiveCfg = Debug|Any CPU
		{D609DA29-ADFD-4AF9-82E1-A1577D4BEC53}.Debug|Any CPU.Build.0 = Debug|Any CPU
		{D609DA29-ADFD-4AF9-82E1-A1577D4BEC53}.Release|Any CPU.ActiveCfg = Release|Any CPU
		{D609DA29-ADFD-4AF9-82E1-A1577D4BEC53}.Release|Any CPU.Build.0 = Release|Any CPU
	EndGlobalSection
	GlobalSection(SolutionProperties) = preSolution
		HideSolutionNode = FALSE
	EndGlobalSection
	GlobalSection(ExtensibilityGlobals) = postSolution
		SolutionGuid = {36421E79-B5F9-423D-98B1-0305CDE6643F}
	EndGlobalSection
EndGlobal
